
Microsoft Visual Studio Solution File, Format Version 12.00
# Visual Studio Version 17
VisualStudioVersion = 17.8.34330.188
MinimumVisualStudioVersion = 10.0.40219.1
Project("{FAE04EC0-301F-11D3-BF4B-00C04F79EFBC}") = "WiredBrainApi", "WiredBrainApi.csproj", "{20F4B3D0-8BEE-4D61-AEEA-6E5A0F0D9666}"
EndProject
Global
	GlobalSection(SolutionConfigurationPlatforms) = preSolution
		Debug|Any CPU = Debug|Any CPU
		Release|Any CPU = Release|Any CPU
	EndGlobalSection
	GlobalSection(ProjectConfigurationPlatforms) = postSolution
		{20F4B3D0-8BEE-4D61-AEEA-6E5A0F0D9666}.Debug|Any CPU.ActiveCfg = Debug|Any CPU
		{20F4B3D0-8BEE-4D61-AEEA-6E5A0F0D9666}.Debug|Any CPU.Build.0 = Debug|Any CPU
		{20F4B3D0-8BEE-4D61-AEEA-6E5A0F0D9666}.Release|Any CPU.ActiveCfg = Release|Any CPU
		{20F4B3D0-8BEE-4D61-AEEA-6E5A0F0D9666}.Release|Any CPU.Build.0 = Release|Any CPU
	EndGlobalSection
	GlobalSection(SolutionProperties) = preSolution
		HideSolutionNode = FALSE
	EndGlobalSection
	GlobalSection(ExtensibilityGlobals) = postSolution
		SolutionGuid = {22F2D4F6-95AF-4EE1-8965-775002A11D44}
	EndGlobalSection
EndGlobal
